
Microsoft Visual Studio Solution File, Format Version 12.00
# Visual Studio Version 16
VisualStudioVersion = 16.0.30309.148
MinimumVisualStudioVersion = 10.0.40219.1
Project("{FAE04EC0-301F-11D3-BF4B-00C04F79EFBC}") = "Agenda.View", "Login.View\Agenda.View.csproj", "{081F329C-DFE7-48B9-AD85-550635FE6546}"
EndProject
Project("{FAE04EC0-301F-11D3-BF4B-00C04F79EFBC}") = "Agenda.Model", "Agenda.Model\Agenda.Model.csproj", "{5A198F59-A332-4FBA-88CF-407F642AB8EF}"
EndProject
Project("{FAE04EC0-301F-11D3-BF4B-00C04F79EFBC}") = "Agenda.DTO", "Agenda.DTO\Agenda.DTO.csproj", "{E2196312-D565-4180-94C4-3C44D066C733}"
EndProject
Project("{FAE04EC0-301F-11D3-BF4B-00C04F79EFBC}") = "Agenda.DAO", "Agenda.DAO\Agenda.DAO.csproj", "{34140A49-4412-47A2-94B6-3CBF10799332}"
EndProject
Global
	GlobalSection(SolutionConfigurationPlatforms) = preSolution
		Debug|Any CPU = Debug|Any CPU
		Release|Any CPU = Release|Any CPU
	EndGlobalSection
	GlobalSection(ProjectConfigurationPlatforms) = postSolution
		{081F329C-DFE7-48B9-AD85-550635FE6546}.Debug|Any CPU.ActiveCfg = Debug|Any CPU
		{081F329C-DFE7-48B9-AD85-550635FE6546}.Debug|Any CPU.Build.0 = Debug|Any CPU
		{081F329C-DFE7-48B9-AD85-550635FE6546}.Release|Any CPU.ActiveCfg = Release|Any CPU
		{081F329C-DFE7-48B9-AD85-550635FE6546}.Release|Any CPU.Build.0 = Release|Any CPU
		{5A198F59-A332-4FBA-88CF-407F642AB8EF}.Debug|Any CPU.ActiveCfg = Debug|Any CPU
		{5A198F59-A332-4FBA-88CF-407F642AB8EF}.Debug|Any CPU.Build.0 = Debug|Any CPU
		{5A198F59-A332-4FBA-88CF-407F642AB8EF}.Release|Any CPU.ActiveCfg = Release|Any CPU
		{5A198F59-A332-4FBA-88CF-407F642AB8EF}.Release|Any CPU.Build.0 = Release|Any CPU
		{E2196312-D565-4180-94C4-3C44D066C733}.Debug|Any CPU.ActiveCfg = Debug|Any CPU
		{E2196312-D565-4180-94C4-3C44D066C733}.Debug|Any CPU.Build.0 = Debug|Any CPU
		{E2196312-D565-4180-94C4-3C44D066C733}.Release|Any CPU.ActiveCfg = Release|Any CPU
		{E2196312-D565-4180-94C4-3C44D066C733}.Release|Any CPU.Build.0 = Release|Any CPU
		{34140A49-4412-47A2-94B6-3CBF10799332}.Debug|Any CPU.ActiveCfg = Debug|Any CPU
		{34140A49-4412-47A2-94B6-3CBF10799332}.Debug|Any CPU.Build.0 = Debug|Any CPU
		{34140A49-4412-47A2-94B6-3CBF10799332}.Release|Any CPU.ActiveCfg = Release|Any CPU
		{34140A49-4412-47A2-94B6-3CBF10799332}.Release|Any CPU.Build.0 = Release|Any CPU
	EndGlobalSection
	GlobalSection(SolutionProperties) = preSolution
		HideSolutionNode = FALSE
	EndGlobalSection
	GlobalSection(ExtensibilityGlobals) = postSolution
		SolutionGuid = {DC40823B-40F1-4B51-B1F8-C6AB7EFA7268}
	EndGlobalSection
EndGlobal
